{
  "requires": true,
  "lockfileVersion": 1,
  "dependencies": {
    "angular-responsive-carousel": {
      "version": "2.0.1",
      "resolved": "https://registry.npmjs.org/angular-responsive-carousel/-/angular-responsive-carousel-2.0.1.tgz",
      "integrity": "sha512-ca1C4uDgmHIsxa5IuGBweNw7MxLII9ueSxz3F8q9BQBDOvhF/tFp+EIoGBOPGPEiDNQRp0gbkOqEP9BqhvnvcA==",
      "requires": {
        "tslib": "^2.0.0"
      }
    },
    "tslib": {
      "version": "2.0.3",
      "resolved": "https://registry.npmjs.org/tslib/-/tslib-2.0.3.tgz",
      "integrity": "sha512-uZtkfKblCEQtZKBF6EBXVZeQNl82yqtDQdv+eck8u7tdPxjLu2/lp5/uPW+um2tpuxINHWy3GhiccY7QgEaVHQ=="
    }
  }
}
